{
  "name": "error-logging",
  "version": "1.0.0",
  "lockfileVersion": 3,
  "requires": true,
  "packages": {
    "": {
      "name": "error-logging",
      "version": "1.0.0",
      "license": "ISC",
      "dependencies": {
        "@tinteeam-npm-packages/tinteeam-logging-utils": "^0.2.2"
      }
    },
    "node_modules/@tinteeam-npm-packages/tinteeam-logging-utils": {
      "version": "0.2.2",
      "resolved": "https://registry.npmjs.org/@tinteeam-npm-packages/tinteeam-logging-utils/-/tinteeam-logging-utils-0.2.2.tgz",
      "integrity": "sha512-lF2xK/vfssQ7NjQBtlDq/pRtUFWrl6mWmPdPy/PKwzfBGfb4Wf4RDKa5RGnjK5GmUMLU+Yihc9fwjuk7V6esYw==",
      "license": "MIT"
    }
  }
}
