{
  "name": "error-logging",
  "version": "1.0.0",
  "lockfileVersion": 3,
  "requires": true,
  "packages": {
    "": {
      "name": "error-logging",
      "version": "1.0.0",
      "license": "ISC",
      "dependencies": {
        "@tinteeam-npm-packages/tinteeam-logging-utils": "^0.1.0"
      }
    },
    "node_modules/@tinteeam-npm-packages/tinteeam-logging-utils": {
      "version": "0.1.0",
      "resolved": "https://registry.npmjs.org/@tinteeam-npm-packages/tinteeam-logging-utils/-/tinteeam-logging-utils-0.1.0.tgz",
      "integrity": "sha512-80isrK2MP0aCpUmQmZvcdGA4R7nB0LXtCUBMyltEgojeqpCJ7ncQPFuHUYbl02P3e06Xzm7WLKs+WA7oanoC1Q==",
      "license": "MIT"
    }
  }
}
