{
  "name": "error-logging",
  "version": "1.0.0",
  "lockfileVersion": 3,
  "requires": true,
  "packages": {
    "": {
      "name": "error-logging",
      "version": "1.0.0",
      "license": "ISC",
      "dependencies": {
        "@tinteeam-npm-packages/tinteeam-logging-utils": "^0.2.1"
      }
    },
    "node_modules/@tinteeam-npm-packages/tinteeam-logging-utils": {
      "version": "0.2.1",
      "resolved": "https://registry.npmjs.org/@tinteeam-npm-packages/tinteeam-logging-utils/-/tinteeam-logging-utils-0.2.1.tgz",
      "integrity": "sha512-QC1U8XJReODx0hfJLF3rQGU6tf2yRl4jjq8LMgZjhxe0VjtEKzeSgVm9G0a5PV04kdpsYlBQNP39HCzxJ0G/jA==",
      "license": "MIT"
    }
  }
}
